<?xml version="1.0" encoding="utf-8"?>
<Project ToolsVersion="4.0" xmlns="http://schemas.microsoft.com/developer/msbuild/2003">
  <ItemGroup>
    <Filter Include="Source Files">
      <UniqueIdentifier>{4FC737F1-C7A5-4376-A066-2A32D752A2FF}</UniqueIdentifier>
      <Extensions>cpp;c;cc;cxx;c++;cppm;ixx;def;odl;idl;hpj;bat;asm;asmx</Extensions>
    </Filter>
    <Filter Include="Header Files">
      <UniqueIdentifier>{93995380-89BD-4b04-88EB-625FBE52EBFB}</UniqueIdentifier>
      <Extensions>h;hh;hpp;hxx;h++;hm;inl;inc;ipp;xsd</Extensions>
    </Filter>
    <Filter Include="Resource Files">
      <UniqueIdentifier>{67DA6AB6-F800-4c08-8B7A-83BB121AAD01}</UniqueIdentifier>
      <Extensions>rc;ico;cur;bmp;dlg;rc2;rct;bin;rgs;gif;jpg;jpeg;jpe;resx;tiff;tif;png;wav;mfcribbon-ms</Extensions>
    </Filter>
    <Filter Include="engine">
      <UniqueIdentifier>{83c216d0-143b-4ff6-b169-8db15b7b9480}</UniqueIdentifier>
    </Filter>
  </ItemGroup>
  <ItemGroup>
    <ClCompile Include="main.cpp">
      <Filter>Source Files</Filter>
    </ClCompile>
    <ClCompile Include="SGE_Core.cpp">
      <Filter>engine</Filter>
    </ClCompile>
    <ClCompile Include="SGE_Draw.cpp">
      <Filter>engine</Filter>
    </ClCompile>
    <ClCompile Include="SGE_FontData.cpp">
      <Filter>engine</Filter>
    </ClCompile>
    <ClCompile Include="SGE_Periferals.cpp">
      <Filter>engine</Filter>
    </ClCompile>
    <ClCompile Include="SGE_Pixel.cpp">
      <Filter>engine</Filter>
    </ClCompile>
    <ClCompile Include="SGE_Sound.cpp">
      <Filter>engine</Filter>
    </ClCompile>
    <ClCompile Include="SGE_Sprite.cpp">
      <Filter>engine</Filter>
    </ClCompile>
    <ClCompile Include="SGE_Timer.cpp">
      <Filter>engine</Filter>
    </ClCompile>
    <ClCompile Include="SGE_Utilities.cpp">
      <Filter>engine</Filter>
    </ClCompile>
    <ClCompile Include="SGE_Window.cpp">
      <Filter>engine</Filter>
    </ClCompile>
    <ClCompile Include="Player.cpp">
      <Filter>Source Files</Filter>
    </ClCompile>
  </ItemGroup>
  <ItemGroup>
    <ClInclude Include="Constants.h">
      <Filter>engine</Filter>
    </ClInclude>
    <ClInclude Include="SGE_Window.h">
      <Filter>engine</Filter>
    </ClInclude>
    <ClInclude Include="SGE_vector_types.h">
      <Filter>engine</Filter>
    </ClInclude>
    <ClInclude Include="SGE_Utilities.h">
      <Filter>engine</Filter>
    </ClInclude>
    <ClInclude Include="SGE_Timer.h">
      <Filter>engine</Filter>
    </ClInclude>
    <ClInclude Include="SGE_Sprite.h">
      <Filter>engine</Filter>
    </ClInclude>
    <ClInclude Include="SGE_Sound.h">
      <Filter>engine</Filter>
    </ClInclude>
    <ClInclude Include="SGE_Periferals.h">
      <Filter>engine</Filter>
    </ClInclude>
    <ClInclude Include="SGE_FontData.h">
      <Filter>engine</Filter>
    </ClInclude>
    <ClInclude Include="SGE_Draw.h">
      <Filter>engine</Filter>
    </ClInclude>
    <ClInclude Include="SGE_Core.h">
      <Filter>engine</Filter>
    </ClInclude>
    <ClInclude Include="Game.h">
      <Filter>engine</Filter>
    </ClInclude>
    <ClInclude Include="SGE_Pixel.h">
      <Filter>Header Files</Filter>
    </ClInclude>
    <ClInclude Include="Player.h">
      <Filter>Header Files</Filter>
    </ClInclude>
    <ClInclude Include="RC_Map.h">
      <Filter>Header Files</Filter>
    </ClInclude>
    <ClInclude Include="RC_MapLayout.h">
      <Filter>Header Files</Filter>
    </ClInclude>
    <ClInclude Include="RC_Object.h">
      <Filter>Header Files</Filter>
    </ClInclude>
    <ClInclude Include="RC_Misc.h">
      <Filter>Header Files</Filter>
    </ClInclude>
    <ClInclude Include="RC_Sprite_Layout.h">
      <Filter>Header Files</Filter>
    </ClInclude>
    <ClInclude Include="RC_Block.h">
      <Filter>Header Files</Filter>
    </ClInclude>
  </ItemGroup>
</Project>